// !$*UTF8*$!
{
	archiveVersion = 1;
	classes = {
	};
	objectVersion = 56;
	objects = {

/* Begin PBXBuildFile section */
		CBBDD13529BC79F8004443D4 /* СustomTextField.swift in Sources */ = {isa = PBXBuildFile; fileRef = CBBDD13429BC79F8004443D4 /* СustomTextField.swift */; };
		CBCAAA6129BCA7450056FB23 /* lato-regular.ttf in Resources */ = {isa = PBXBuildFile; fileRef = CBCAAA6029BCA7450056FB23 /* lato-regular.ttf */; };
		CBCAAA6329C0CAF40056FB23 /* RefreshPasswordScreen.swift in Sources */ = {isa = PBXBuildFile; fileRef = CBCAAA6229C0CAF40056FB23 /* RefreshPasswordScreen.swift */; };
		CBCB7B2029BA53DB00E5F34D /* AppDelegate.swift in Sources */ = {isa = PBXBuildFile; fileRef = CBCB7B1F29BA53DB00E5F34D /* AppDelegate.swift */; };
		CBCB7B2229BA53DB00E5F34D /* SceneDelegate.swift in Sources */ = {isa = PBXBuildFile; fileRef = CBCB7B2129BA53DB00E5F34D /* SceneDelegate.swift */; };
		CBCB7B2729BA53DB00E5F34D /* Main.storyboard in Resources */ = {isa = PBXBuildFile; fileRef = CBCB7B2529BA53DB00E5F34D /* Main.storyboard */; };
		CBCB7B2929BA53DB00E5F34D /* Assets.xcassets in Resources */ = {isa = PBXBuildFile; fileRef = CBCB7B2829BA53DB00E5F34D /* Assets.xcassets */; };
		CBCB7B2C29BA53DB00E5F34D /* LaunchScreen.storyboard in Resources */ = {isa = PBXBuildFile; fileRef = CBCB7B2A29BA53DB00E5F34D /* LaunchScreen.storyboard */; };
		CBCB7B3429BA542300E5F34D /* MainScreen.swift in Sources */ = {isa = PBXBuildFile; fileRef = CBCB7B3329BA542300E5F34D /* MainScreen.swift */; };
		CBCB7B3729BA561400E5F34D /* montserrat-regular.ttf in Resources */ = {isa = PBXBuildFile; fileRef = CBCB7B3629BA561400E5F34D /* montserrat-regular.ttf */; };
/* End PBXBuildFile section */

/* Begin PBXFileReference section */
		CBBDD13429BC79F8004443D4 /* СustomTextField.swift */ = {isa = PBXFileReference; lastKnownFileType = sourcecode.swift; path = "СustomTextField.swift"; sourceTree = "<group>"; };
		CBCAAA6029BCA7450056FB23 /* lato-regular.ttf */ = {isa = PBXFileReference; lastKnownFileType = file; path = "lato-regular.ttf"; sourceTree = "<group>"; };
		CBCAAA6229C0CAF40056FB23 /* RefreshPasswordScreen.swift */ = {isa = PBXFileReference; lastKnownFileType = sourcecode.swift; path = RefreshPasswordScreen.swift; sourceTree = "<group>"; };
		CBCB7B1C29BA53DB00E5F34D /* SignUp.app */ = {isa = PBXFileReference; explicitFileType = wrapper.application; includeInIndex = 0; path = SignUp.app; sourceTree = BUILT_PRODUCTS_DIR; };
		CBCB7B1F29BA53DB00E5F34D /* AppDelegate.swift */ = {isa = PBXFileReference; lastKnownFileType = sourcecode.swift; path = AppDelegate.swift; sourceTree = "<group>"; };
		CBCB7B2129BA53DB00E5F34D /* SceneDelegate.swift */ = {isa = PBXFileReference; lastKnownFileType = sourcecode.swift; path = SceneDelegate.swift; sourceTree = "<group>"; };
		CBCB7B2629BA53DB00E5F34D /* Base */ = {isa = PBXFileReference; lastKnownFileType = file.storyboard; name = Base; path = Base.lproj/Main.storyboard; sourceTree = "<group>"; };
		CBCB7B2829BA53DB00E5F34D /* Assets.xcassets */ = {isa = PBXFileReference; lastKnownFileType = folder.assetcatalog; path = Assets.xcassets; sourceTree = "<group>"; };
		CBCB7B2B29BA53DB00E5F34D /* Base */ = {isa = PBXFileReference; lastKnownFileType = file.storyboard; name = Base; path = Base.lproj/LaunchScreen.storyboard; sourceTree = "<group>"; };
		CBCB7B2D29BA53DB00E5F34D /* Info.plist */ = {isa = PBXFileReference; lastKnownFileType = text.plist.xml; path = Info.plist; sourceTree = "<group>"; };
		CBCB7B3329BA542300E5F34D /* MainScreen.swift */ = {isa = PBXFileReference; lastKnownFileType = sourcecode.swift; path = MainScreen.swift; sourceTree = "<group>"; };
		CBCB7B3629BA561400E5F34D /* montserrat-regular.ttf */ = {isa = PBXFileReference; lastKnownFileType = file; path = "montserrat-regular.ttf"; sourceTree = "<group>"; };
/* End PBXFileReference section */

/* Begin PBXFrameworksBuildPhase section */
		CBCB7B1929BA53DB00E5F34D /* Frameworks */ = {
			isa = PBXFrameworksBuildPhase;
			buildActionMask = 2147483647;
			files = (
			);
			runOnlyForDeploymentPostprocessing = 0;
		};
/* End PBXFrameworksBuildPhase section */

/* Begin PBXGroup section */
		CBCB7B1329BA53DB00E5F34D = {
			isa = PBXGroup;
			children = (
				CBCB7B1E29BA53DB00E5F34D /* SignUp */,
				CBCB7B1D29BA53DB00E5F34D /* Products */,
			);
			sourceTree = "<group>";
		};
		CBCB7B1D29BA53DB00E5F34D /* Products */ = {
			isa = PBXGroup;
			children = (
				CBCB7B1C29BA53DB00E5F34D /* SignUp.app */,
			);
			name = Products;
			sourceTree = "<group>";
		};
		CBCB7B1E29BA53DB00E5F34D /* SignUp */ = {
			isa = PBXGroup;
			children = (
				CBCB7B3529BA55F000E5F34D /* Fonts */,
				CBCB7B1F29BA53DB00E5F34D /* AppDelegate.swift */,
				CBCB7B2129BA53DB00E5F34D /* SceneDelegate.swift */,
				CBCB7B3329BA542300E5F34D /* MainScreen.swift */,
				CBCAAA6229C0CAF40056FB23 /* RefreshPasswordScreen.swift */,
				CBBDD13429BC79F8004443D4 /* СustomTextField.swift */,
				CBCB7B2529BA53DB00E5F34D /* Main.storyboard */,
				CBCB7B2829BA53DB00E5F34D /* Assets.xcassets */,
				CBCB7B2A29BA53DB00E5F34D /* LaunchScreen.storyboard */,
				CBCB7B2D29BA53DB00E5F34D /* Info.plist */,
			);
			path = SignUp;
			sourceTree = "<group>";
		};
		CBCB7B3529BA55F000E5F34D /* Fonts */ = {
			isa = PBXGroup;
			children = (
				CBCAAA6029BCA7450056FB23 /* lato-regular.ttf */,
				CBCB7B3629BA561400E5F34D /* montserrat-regular.ttf */,
			);
			path = Fonts;
			sourceTree = "<group>";
		};
/* End PBXGroup section */

/* Begin PBXNativeTarget section */
		CBCB7B1B29BA53DB00E5F34D /* SignUp */ = {
			isa = PBXNativeTarget;
			buildConfigurationList = CBCB7B3029BA53DB00E5F34D /* Build configuration list for PBXNativeTarget "SignUp" */;
			buildPhases = (
				CBCB7B1829BA53DB00E5F34D /* Sources */,
				CBCB7B1929BA53DB00E5F34D /* Frameworks */,
				CBCB7B1A29BA53DB00E5F34D /* Resources */,
			);
			buildRules = (
			);
			dependencies = (
			);
			name = SignUp;
			productName = SignUp;
			productReference = CBCB7B1C29BA53DB00E5F34D /* SignUp.app */;
			productType = "com.apple.product-type.application";
		};
/* End PBXNativeTarget section */

/* Begin PBXProject section */
		CBCB7B1429BA53DB00E5F34D /* Project object */ = {
			isa = PBXProject;
			attributes = {
				BuildIndependentTargetsInParallel = 1;
				LastSwiftUpdateCheck = 1400;
				LastUpgradeCheck = 1400;
				TargetAttributes = {
					CBCB7B1B29BA53DB00E5F34D = {
						CreatedOnToolsVersion = 14.0.1;
					};
				};
			};
			buildConfigurationList = CBCB7B1729BA53DB00E5F34D /* Build configuration list for PBXProject "SignUp" */;
			compatibilityVersion = "Xcode 14.0";
			developmentRegion = en;
			hasScannedForEncodings = 0;
			knownRegions = (
				en,
				Base,
			);
			mainGroup = CBCB7B1329BA53DB00E5F34D;
			productRefGroup = CBCB7B1D29BA53DB00E5F34D /* Products */;
			projectDirPath = "";
			projectRoot = "";
			targets = (
				CBCB7B1B29BA53DB00E5F34D /* SignUp */,
			);
		};
/* End PBXProject section */

/* Begin PBXResourcesBuildPhase section */
		CBCB7B1A29BA53DB00E5F34D /* Resources */ = {
			isa = PBXResourcesBuildPhase;
			buildActionMask = 2147483647;
			files = (
				CBCB7B3729BA561400E5F34D /* montserrat-regular.ttf in Resources */,
				CBCB7B2C29BA53DB00E5F34D /* LaunchScreen.storyboard in Resources */,
				CBCB7B2929BA53DB00E5F34D /* Assets.xcassets in Resources */,
				CBCAAA6129BCA7450056FB23 /* lato-regular.ttf in Resources */,
				CBCB7B2729BA53DB00E5F34D /* Main.storyboard in Resources */,
			);
			runOnlyForDeploymentPostprocessing = 0;
		};
/* End PBXResourcesBuildPhase section */

/* Begin PBXSourcesBuildPhase section */
		CBCB7B1829BA53DB00E5F34D /* Sources */ = {
			isa = PBXSourcesBuildPhase;
			buildActionMask = 2147483647;
			files = (
				CBCB7B3429BA542300E5F34D /* MainScreen.swift in Sources */,
				CBCB7B2029BA53DB00E5F34D /* AppDelegate.swift in Sources */,
				CBBDD13529BC79F8004443D4 /* СustomTextField.swift in Sources */,
				CBCB7B2229BA53DB00E5F34D /* SceneDelegate.swift in Sources */,
				CBCAAA6329C0CAF40056FB23 /* RefreshPasswordScreen.swift in Sources */,
			);
			runOnlyForDeploymentPostprocessing = 0;
		};
/* End PBXSourcesBuildPhase section */

/* Begin PBXVariantGroup section */
		CBCB7B2529BA53DB00E5F34D /* Main.storyboard */ = {
			isa = PBXVariantGroup;
			children = (
				CBCB7B2629BA53DB00E5F34D /* Base */,
			);
			name = Main.storyboard;
			sourceTree = "<group>";
		};
		CBCB7B2A29BA53DB00E5F34D /* LaunchScreen.storyboard */ = {
			isa = PBXVariantGroup;
			children = (
				CBCB7B2B29BA53DB00E5F34D /* Base */,
			);
			name = LaunchScreen.storyboard;
			sourceTree = "<group>";
		};
/* End PBXVariantGroup section */

/* Begin XCBuildConfiguration section */
		CBCB7B2E29BA53DB00E5F34D /* Debug */ = {
			isa = XCBuildConfiguration;
			buildSettings = {
				ALWAYS_SEARCH_USER_PATHS = NO;
				CLANG_ANALYZER_NONNULL = YES;
				CLANG_ANALYZER_NUMBER_OBJECT_CONVERSION = YES_AGGRESSIVE;
				CLANG_CXX_LANGUAGE_STANDARD = "gnu++20";
				CLANG_ENABLE_MODULES = YES;
				CLANG_ENABLE_OBJC_ARC = YES;
				CLANG_ENABLE_OBJC_WEAK = YES;
				CLANG_WARN_BLOCK_CAPTURE_AUTORELEASING = YES;
				CLANG_WARN_BOOL_CONVERSION = YES;
				CLANG_WARN_COMMA = YES;
				CLANG_WARN_CONSTANT_CONVERSION = YES;
				CLANG_WARN_DEPRECATED_OBJC_IMPLEMENTATIONS = YES;
				CLANG_WARN_DIRECT_OBJC_ISA_USAGE = YES_ERROR;
				CLANG_WARN_DOCUMENTATION_COMMENTS = YES;
				CLANG_WARN_EMPTY_BODY = YES;
				CLANG_WARN_ENUM_CONVERSION = YES;
				CLANG_WARN_INFINITE_RECURSION = YES;
				CLANG_WARN_INT_CONVERSION = YES;
				CLANG_WARN_NON_LITERAL_NULL_CONVERSION = YES;
				CLANG_WARN_OBJC_IMPLICIT_RETAIN_SELF = YES;
				CLANG_WARN_OBJC_LITERAL_CONVERSION = YES;
				CLANG_WARN_OBJC_ROOT_CLASS = YES_ERROR;
				CLANG_WARN_QUOTED_INCLUDE_IN_FRAMEWORK_HEADER = YES;
				CLANG_WARN_RANGE_LOOP_ANALYSIS = YES;
				CLANG_WARN_STRICT_PROTOTYPES = YES;
				CLANG_WARN_SUSPICIOUS_MOVE = YES;
				CLANG_WARN_UNGUARDED_AVAILABILITY = YES_AGGRESSIVE;
				CLANG_WARN_UNREACHABLE_CODE = YES;
				CLANG_WARN__DUPLICATE_METHOD_MATCH = YES;
				COPY_PHASE_STRIP = NO;
				DEBUG_INFORMATION_FORMAT = dwarf;
				ENABLE_STRICT_OBJC_MSGSEND = YES;
				ENABLE_TESTABILITY = YES;
				GCC_C_LANGUAGE_STANDARD = gnu11;
				GCC_DYNAMIC_NO_PIC = NO;
				GCC_NO_COMMON_BLOCKS = YES;
				GCC_OPTIMIZATION_LEVEL = 0;
				GCC_PREPROCESSOR_DEFINITIONS = (
					"DEBUG=1",
					"$(inherited)",
				);
				GCC_WARN_64_TO_32_BIT_CONVERSION = YES;
				GCC_WARN_ABOUT_RETURN_TYPE = YES_ERROR;
				GCC_WARN_UNDECLARED_SELECTOR = YES;
				GCC_WARN_UNINITIALIZED_AUTOS = YES_AGGRESSIVE;
				GCC_WARN_UNUSED_FUNCTION = YES;
				GCC_WARN_UNUSED_VARIABLE = YES;
				IPHONEOS_DEPLOYMENT_TARGET = 16.0;
				MTL_ENABLE_DEBUG_INFO = INCLUDE_SOURCE;
				MTL_FAST_MATH = YES;
				ONLY_ACTIVE_ARCH = YES;
				SDKROOT = iphoneos;
				SWIFT_ACTIVE_COMPILATION_CONDITIONS = DEBUG;
				SWIFT_OPTIMIZATION_LEVEL = "-Onone";
			};
			name = Debug;
		};
		CBCB7B2F29BA53DB00E5F34D /* Release */ = {
			isa = XCBuildConfiguration;
			buildSettings = {
				ALWAYS_SEARCH_USER_PATHS = NO;
				CLANG_ANALYZER_NONNULL = YES;
				CLANG_ANALYZER_NUMBER_OBJECT_CONVERSION = YES_AGGRESSIVE;
				CLANG_CXX_LANGUAGE_STANDARD = "gnu++20";
				CLANG_ENABLE_MODULES = YES;
				CLANG_ENABLE_OBJC_ARC = YES;
				CLANG_ENABLE_OBJC_WEAK = YES;
				CLANG_WARN_BLOCK_CAPTURE_AUTORELEASING = YES;
				CLANG_WARN_BOOL_CONVERSION = YES;
				CLANG_WARN_COMMA = YES;
				CLANG_WARN_CONSTANT_CONVERSION = YES;
				CLANG_WARN_DEPRECATED_OBJC_IMPLEMENTATIONS = YES;
				CLANG_WARN_DIRECT_OBJC_ISA_USAGE = YES_ERROR;
				CLANG_WARN_DOCUMENTATION_COMMENTS = YES;
				CLANG_WARN_EMPTY_BODY = YES;
				CLANG_WARN_ENUM_CONVERSION = YES;
				CLANG_WARN_INFINITE_RECURSION = YES;
				CLANG_WARN_INT_CONVERSION = YES;
				CLANG_WARN_NON_LITERAL_NULL_CONVERSION = YES;
				CLANG_WARN_OBJC_IMPLICIT_RETAIN_SELF = YES;
				CLANG_WARN_OBJC_LITERAL_CONVERSION = YES;
				CLANG_WARN_OBJC_ROOT_CLASS = YES_ERROR;
				CLANG_WARN_QUOTED_INCLUDE_IN_FRAMEWORK_HEADER = YES;
				CLANG_WARN_RANGE_LOOP_ANALYSIS = YES;
				CLANG_WARN_STRICT_PROTOTYPES = YES;
				CLANG_WARN_SUSPICIOUS_MOVE = YES;
				CLANG_WARN_UNGUARDED_AVAILABILITY = YES_AGGRESSIVE;
				CLANG_WARN_UNREACHABLE_CODE = YES;
				CLANG_WARN__DUPLICATE_METHOD_MATCH = YES;
				COPY_PHASE_STRIP = NO;
				DEBUG_INFORMATION_FORMAT = "dwarf-with-dsym";
				ENABLE_NS_ASSERTIONS = NO;
				ENABLE_STRICT_OBJC_MSGSEND = YES;
				GCC_C_LANGUAGE_STANDARD = gnu11;
				GCC_NO_COMMON_BLOCKS = YES;
				GCC_WARN_64_TO_32_BIT_CONVERSION = YES;
				GCC_WARN_ABOUT_RETURN_TYPE = YES_ERROR;
				GCC_WARN_UNDECLARED_SELECTOR = YES;
				GCC_WARN_UNINITIALIZED_AUTOS = YES_AGGRESSIVE;
				GCC_WARN_UNUSED_FUNCTION = YES;
				GCC_WARN_UNUSED_VARIABLE = YES;
				IPHONEOS_DEPLOYMENT_TARGET = 16.0;
				MTL_ENABLE_DEBUG_INFO = NO;
				MTL_FAST_MATH = YES;
				SDKROOT = iphoneos;
				SWIFT_COMPILATION_MODE = wholemodule;
				SWIFT_OPTIMIZATION_LEVEL = "-O";
				VALIDATE_PRODUCT = YES;
			};
			name = Release;
		};
		CBCB7B3129BA53DB00E5F34D /* Debug */ = {
			isa = XCBuildConfiguration;
			buildSettings = {
				ASSETCATALOG_COMPILER_APPICON_NAME = AppIcon;
				ASSETCATALOG_COMPILER_GLOBAL_ACCENT_COLOR_NAME = AccentColor;
				CODE_SIGN_STYLE = Automatic;
				CURRENT_PROJECT_VERSION = 1;
				DEVELOPMENT_TEAM = V2P7SXQF84;
				GENERATE_INFOPLIST_FILE = YES;
				INFOPLIST_FILE = SignUp/Info.plist;
				INFOPLIST_KEY_UIApplicationSupportsIndirectInputEvents = YES;
				INFOPLIST_KEY_UILaunchStoryboardName = LaunchScreen;
				INFOPLIST_KEY_UIMainStoryboardFile = Main;
				INFOPLIST_KEY_UISupportedInterfaceOrientations = UIInterfaceOrientationPortrait;
				INFOPLIST_KEY_UISupportedInterfaceOrientations_iPad = "UIInterfaceOrientationLandscapeLeft UIInterfaceOrientationLandscapeRight UIInterfaceOrientationPortrait UIInterfaceOrientationPortraitUpsideDown";
				LD_RUNPATH_SEARCH_PATHS = (
					"$(inherited)",
					"@executable_path/Frameworks",
				);
				MARKETING_VERSION = 1.0;
				PRODUCT_BUNDLE_IDENTIFIER = rapic.SignUp;
				PRODUCT_NAME = "$(TARGET_NAME)";
				SUPPORTED_PLATFORMS = "iphoneos iphonesimulator";
				SUPPORTS_MACCATALYST = NO;
				SUPPORTS_MAC_DESIGNED_FOR_IPHONE_IPAD = NO;
				SWIFT_EMIT_LOC_STRINGS = YES;
				SWIFT_VERSION = 5.0;
				TARGETED_DEVICE_FAMILY = 1;
			};
			name = Debug;
		};
		CBCB7B3229BA53DB00E5F34D /* Release */ = {
			isa = XCBuildConfiguration;
			buildSettings = {
				ASSETCATALOG_COMPILER_APPICON_NAME = AppIcon;
				ASSETCATALOG_COMPILER_GLOBAL_ACCENT_COLOR_NAME = AccentColor;
				CODE_SIGN_STYLE = Automatic;
				CURRENT_PROJECT_VERSION = 1;
				DEVELOPMENT_TEAM = V2P7SXQF84;
				GENERATE_INFOPLIST_FILE = YES;
				INFOPLIST_FILE = SignUp/Info.plist;
				INFOPLIST_KEY_UIApplicationSupportsIndirectInputEvents = YES;
				INFOPLIST_KEY_UILaunchStoryboardName = LaunchScreen;
				INFOPLIST_KEY_UIMainStoryboardFile = Main;
				INFOPLIST_KEY_UISupportedInterfaceOrientations = UIInterfaceOrientationPortrait;
				INFOPLIST_KEY_UISupportedInterfaceOrientations_iPad = "UIInterfaceOrientationLandscapeLeft UIInterfaceOrientationLandscapeRight UIInterfaceOrientationPortrait UIInterfaceOrientationPortraitUpsideDown";
				LD_RUNPATH_SEARCH_PATHS = (
					"$(inherited)",
					"@executable_path/Frameworks",
				);
				MARKETING_VERSION = 1.0;
				PRODUCT_BUNDLE_IDENTIFIER = rapic.SignUp;
				PRODUCT_NAME = "$(TARGET_NAME)";
				SUPPORTED_PLATFORMS = "iphoneos iphonesimulator";
				SUPPORTS_MACCATALYST = NO;
				SUPPORTS_MAC_DESIGNED_FOR_IPHONE_IPAD = NO;
				SWIFT_EMIT_LOC_STRINGS = YES;
				SWIFT_VERSION = 5.0;
				TARGETED_DEVICE_FAMILY = 1;
			};
			name = Release;
		};
/* End XCBuildConfiguration section */

/* Begin XCConfigurationList section */
		CBCB7B1729BA53DB00E5F34D /* Build configuration list for PBXProject "SignUp" */ = {
			isa = XCConfigurationList;
			buildConfigurations = (
				CBCB7B2E29BA53DB00E5F34D /* Debug */,
				CBCB7B2F29BA53DB00E5F34D /* Release */,
			);
			defaultConfigurationIsVisible = 0;
			defaultConfigurationName = Release;
		};
		CBCB7B3029BA53DB00E5F34D /* Build configuration list for PBXNativeTarget "SignUp" */ = {
			isa = XCConfigurationList;
			buildConfigurations = (
				CBCB7B3129BA53DB00E5F34D /* Debug */,
				CBCB7B3229BA53DB00E5F34D /* Release */,
			);
			defaultConfigurationIsVisible = 0;
			defaultConfigurationName = Release;
		};
/* End XCConfigurationList section */
	};
	rootObject = CBCB7B1429BA53DB00E5F34D /* Project object */;
}
