// !$*UTF8*$!
{
	archiveVersion = 1;
	classes = {
	};
	objectVersion = 56;
	objects = {

/* Begin PBXBuildFile section */
		CB002CFC29C3844B00BB1704 /* NewPasswordScreen.swift in Sources */ = {isa = PBXBuildFile; fileRef = CB002CFB29C3844B00BB1704 /* NewPasswordScreen.swift */; };
		CB24BA7C29DDC4B1006DA3F7 /* TaskTypeCell.swift in Sources */ = {isa = PBXBuildFile; fileRef = CB24BA7B29DDC4B1006DA3F7 /* TaskTypeCell.swift */; };
		CB24BA7E29DF310F006DA3F7 /* TaskTypeCellModel.swift in Sources */ = {isa = PBXBuildFile; fileRef = CB24BA7D29DF310F006DA3F7 /* TaskTypeCellModel.swift */; };
		CB4CC8FB29DC84F4002C9960 /* DayCellModel.swift in Sources */ = {isa = PBXBuildFile; fileRef = CB4CC8FA29DC84F4002C9960 /* DayCellModel.swift */; };
		CB4CC8FD29DC9444002C9960 /* DayController.swift in Sources */ = {isa = PBXBuildFile; fileRef = CB4CC8FC29DC9444002C9960 /* DayController.swift */; };
		CB4CC90029DCA325002C9960 /* TaskTypeController.swift in Sources */ = {isa = PBXBuildFile; fileRef = CB4CC8FF29DCA325002C9960 /* TaskTypeController.swift */; };
		CB738EEB2A27AACF006E31C0 /* TaskCreateTimerModel.swift in Sources */ = {isa = PBXBuildFile; fileRef = CB738EEA2A27AACF006E31C0 /* TaskCreateTimerModel.swift */; };
		CB738EED2A27ABB1006E31C0 /* TaskCreateTimerCell.swift in Sources */ = {isa = PBXBuildFile; fileRef = CB738EEC2A27ABB1006E31C0 /* TaskCreateTimerCell.swift */; };
		CB89A0CF2A2286740093328C /* CreatingNewTask.swift in Sources */ = {isa = PBXBuildFile; fileRef = CB89A0CE2A2286740093328C /* CreatingNewTask.swift */; };
		CB89A0D12A2289070093328C /* CustomButton.swift in Sources */ = {isa = PBXBuildFile; fileRef = CB89A0D02A2289070093328C /* CustomButton.swift */; };
		CBBCA8A92A44CE5200915486 /* TimerService.swift in Sources */ = {isa = PBXBuildFile; fileRef = CBBCA8A82A44CE5200915486 /* TimerService.swift */; };
		CBBDD13529BC79F8004443D4 /* СustomTextField.swift in Sources */ = {isa = PBXBuildFile; fileRef = CBBDD13429BC79F8004443D4 /* СustomTextField.swift */; };
		CBCAAA6129BCA7450056FB23 /* lato-regular.ttf in Resources */ = {isa = PBXBuildFile; fileRef = CBCAAA6029BCA7450056FB23 /* lato-regular.ttf */; };
		CBCAAA6329C0CAF40056FB23 /* RefreshPasswordScreen.swift in Sources */ = {isa = PBXBuildFile; fileRef = CBCAAA6229C0CAF40056FB23 /* RefreshPasswordScreen.swift */; };
		CBCB7B2029BA53DB00E5F34D /* AppDelegate.swift in Sources */ = {isa = PBXBuildFile; fileRef = CBCB7B1F29BA53DB00E5F34D /* AppDelegate.swift */; };
		CBCB7B2229BA53DB00E5F34D /* SceneDelegate.swift in Sources */ = {isa = PBXBuildFile; fileRef = CBCB7B2129BA53DB00E5F34D /* SceneDelegate.swift */; };
		CBCB7B2729BA53DB00E5F34D /* Main.storyboard in Resources */ = {isa = PBXBuildFile; fileRef = CBCB7B2529BA53DB00E5F34D /* Main.storyboard */; };
		CBCB7B2929BA53DB00E5F34D /* Assets.xcassets in Resources */ = {isa = PBXBuildFile; fileRef = CBCB7B2829BA53DB00E5F34D /* Assets.xcassets */; };
		CBCB7B2C29BA53DB00E5F34D /* LaunchScreen.storyboard in Resources */ = {isa = PBXBuildFile; fileRef = CBCB7B2A29BA53DB00E5F34D /* LaunchScreen.storyboard */; };
		CBCB7B3429BA542300E5F34D /* LoginScreen.swift in Sources */ = {isa = PBXBuildFile; fileRef = CBCB7B3329BA542300E5F34D /* LoginScreen.swift */; };
		CBCB7B3729BA561400E5F34D /* montserrat-regular.ttf in Resources */ = {isa = PBXBuildFile; fileRef = CBCB7B3629BA561400E5F34D /* montserrat-regular.ttf */; };
		CBD297D12A0E8481002E9B38 /* TaskModel.swift in Sources */ = {isa = PBXBuildFile; fileRef = CBD297D02A0E8481002E9B38 /* TaskModel.swift */; };
		CBD297D72A152779002E9B38 /* TaskScreenTableCell.swift in Sources */ = {isa = PBXBuildFile; fileRef = CBD297D62A152779002E9B38 /* TaskScreenTableCell.swift */; };
		CBD297D92A155908002E9B38 /* StorageManager.swift in Sources */ = {isa = PBXBuildFile; fileRef = CBD297D82A155908002E9B38 /* StorageManager.swift */; };
		CBD297DB2A1FD4B2002E9B38 /* CountRepeatingController.swift in Sources */ = {isa = PBXBuildFile; fileRef = CBD297DA2A1FD4B2002E9B38 /* CountRepeatingController.swift */; };
		CBD297DD2A1FD75A002E9B38 /* TimerController.swift in Sources */ = {isa = PBXBuildFile; fileRef = CBD297DC2A1FD75A002E9B38 /* TimerController.swift */; };
		CBD297DF2A1FD836002E9B38 /* TextController.swift in Sources */ = {isa = PBXBuildFile; fileRef = CBD297DE2A1FD836002E9B38 /* TextController.swift */; };
		CBD297E12A1FD8AB002E9B38 /* GeolocationController.swift in Sources */ = {isa = PBXBuildFile; fileRef = CBD297E02A1FD8AB002E9B38 /* GeolocationController.swift */; };
		CBE1A5FA2A5B1863002B5DBF /* TaskCreateAmountCell.swift in Sources */ = {isa = PBXBuildFile; fileRef = CBE1A5F92A5B1863002B5DBF /* TaskCreateAmountCell.swift */; };
		CBEAA6A329DB1E7A0046494E /* TaskScreenTabBarController.swift in Sources */ = {isa = PBXBuildFile; fileRef = CBEAA6A229DB1E7A0046494E /* TaskScreenTabBarController.swift */; };
		CBEAA6A529DB24EA0046494E /* CourseScreen.swift in Sources */ = {isa = PBXBuildFile; fileRef = CBEAA6A429DB24EA0046494E /* CourseScreen.swift */; };
		CBEAA6A729DB255C0046494E /* ProfileScreen.swift in Sources */ = {isa = PBXBuildFile; fileRef = CBEAA6A629DB255C0046494E /* ProfileScreen.swift */; };
		CBF14D2929FC3F150098A4CE /* CustomLabel.swift in Sources */ = {isa = PBXBuildFile; fileRef = CBF14D2829FC3F150098A4CE /* CustomLabel.swift */; };
		CBF14D2D29FD8E650098A4CE /* TaskCreateProtocols.swift in Sources */ = {isa = PBXBuildFile; fileRef = CBF14D2C29FD8E650098A4CE /* TaskCreateProtocols.swift */; };
		CBF14D2F29FD8FA60098A4CE /* TaskCreateNameModel.swift in Sources */ = {isa = PBXBuildFile; fileRef = CBF14D2E29FD8FA60098A4CE /* TaskCreateNameModel.swift */; };
		CBF14D3129FD90E20098A4CE /* TaskCreateNameCell.swift in Sources */ = {isa = PBXBuildFile; fileRef = CBF14D3029FD90E20098A4CE /* TaskCreateNameCell.swift */; };
		CBF14D3329FE4C8C0098A4CE /* OneTimeController.swift in Sources */ = {isa = PBXBuildFile; fileRef = CBF14D3229FE4C8C0098A4CE /* OneTimeController.swift */; };
		CBF14D3929FFD3510098A4CE /* TaskCreatePeriodModel.swift in Sources */ = {isa = PBXBuildFile; fileRef = CBF14D3829FFD3510098A4CE /* TaskCreatePeriodModel.swift */; };
		CBF14D3B29FFD86F0098A4CE /* TaskCreatePeriodCell.swift in Sources */ = {isa = PBXBuildFile; fileRef = CBF14D3A29FFD86F0098A4CE /* TaskCreatePeriodCell.swift */; };
		CBF14D3D2A00327C0098A4CE /* CustomView.swift in Sources */ = {isa = PBXBuildFile; fileRef = CBF14D3C2A00327C0098A4CE /* CustomView.swift */; };
		CBF14D3F2A0BF6070098A4CE /* TaskCreateStartFinishModel.swift in Sources */ = {isa = PBXBuildFile; fileRef = CBF14D3E2A0BF6070098A4CE /* TaskCreateStartFinishModel.swift */; };
		CBF14D412A0BF7340098A4CE /* TaskCreateStartFinishCell.swift in Sources */ = {isa = PBXBuildFile; fileRef = CBF14D402A0BF7340098A4CE /* TaskCreateStartFinishCell.swift */; };
		CBF14D482A0D64300098A4CE /* Realm in Frameworks */ = {isa = PBXBuildFile; productRef = CBF14D472A0D64300098A4CE /* Realm */; };
		CBF14D4A2A0D64300098A4CE /* RealmSwift in Frameworks */ = {isa = PBXBuildFile; productRef = CBF14D492A0D64300098A4CE /* RealmSwift */; };
		CBF61C5629D1ED9800B590F9 /* TaskScreenController.swift in Sources */ = {isa = PBXBuildFile; fileRef = CBF61C5529D1ED9800B590F9 /* TaskScreenController.swift */; };
		CBF61C5C29D33DB500B590F9 /* DayCell.swift in Sources */ = {isa = PBXBuildFile; fileRef = CBF61C5B29D33DB500B590F9 /* DayCell.swift */; };
		CBFFDB192A5B1A4900BFBAC9 /* TaskCreateAmountModel.swift in Sources */ = {isa = PBXBuildFile; fileRef = CBFFDB182A5B1A4900BFBAC9 /* TaskCreateAmountModel.swift */; };
/* End PBXBuildFile section */

/* Begin PBXFileReference section */
		CB002CFB29C3844B00BB1704 /* NewPasswordScreen.swift */ = {isa = PBXFileReference; lastKnownFileType = sourcecode.swift; path = NewPasswordScreen.swift; sourceTree = "<group>"; };
		CB24BA7B29DDC4B1006DA3F7 /* TaskTypeCell.swift */ = {isa = PBXFileReference; lastKnownFileType = sourcecode.swift; path = TaskTypeCell.swift; sourceTree = "<group>"; };
		CB24BA7D29DF310F006DA3F7 /* TaskTypeCellModel.swift */ = {isa = PBXFileReference; lastKnownFileType = sourcecode.swift; path = TaskTypeCellModel.swift; sourceTree = "<group>"; };
		CB4CC8FA29DC84F4002C9960 /* DayCellModel.swift */ = {isa = PBXFileReference; lastKnownFileType = sourcecode.swift; path = DayCellModel.swift; sourceTree = "<group>"; };
		CB4CC8FC29DC9444002C9960 /* DayController.swift */ = {isa = PBXFileReference; lastKnownFileType = sourcecode.swift; path = DayController.swift; sourceTree = "<group>"; };
		CB4CC8FF29DCA325002C9960 /* TaskTypeController.swift */ = {isa = PBXFileReference; lastKnownFileType = sourcecode.swift; path = TaskTypeController.swift; sourceTree = "<group>"; };
		CB738EEA2A27AACF006E31C0 /* TaskCreateTimerModel.swift */ = {isa = PBXFileReference; lastKnownFileType = sourcecode.swift; path = TaskCreateTimerModel.swift; sourceTree = "<group>"; };
		CB738EEC2A27ABB1006E31C0 /* TaskCreateTimerCell.swift */ = {isa = PBXFileReference; lastKnownFileType = sourcecode.swift; path = TaskCreateTimerCell.swift; sourceTree = "<group>"; };
		CB89A0CE2A2286740093328C /* CreatingNewTask.swift */ = {isa = PBXFileReference; lastKnownFileType = sourcecode.swift; path = CreatingNewTask.swift; sourceTree = "<group>"; };
		CB89A0D02A2289070093328C /* CustomButton.swift */ = {isa = PBXFileReference; lastKnownFileType = sourcecode.swift; path = CustomButton.swift; sourceTree = "<group>"; };
		CBBCA8A82A44CE5200915486 /* TimerService.swift */ = {isa = PBXFileReference; lastKnownFileType = sourcecode.swift; path = TimerService.swift; sourceTree = "<group>"; };
		CBBDD13429BC79F8004443D4 /* СustomTextField.swift */ = {isa = PBXFileReference; lastKnownFileType = sourcecode.swift; path = "СustomTextField.swift"; sourceTree = "<group>"; };
		CBCAAA6029BCA7450056FB23 /* lato-regular.ttf */ = {isa = PBXFileReference; lastKnownFileType = file; path = "lato-regular.ttf"; sourceTree = "<group>"; };
		CBCAAA6229C0CAF40056FB23 /* RefreshPasswordScreen.swift */ = {isa = PBXFileReference; lastKnownFileType = sourcecode.swift; path = RefreshPasswordScreen.swift; sourceTree = "<group>"; };
		CBCB7B1C29BA53DB00E5F34D /* SignUp.app */ = {isa = PBXFileReference; explicitFileType = wrapper.application; includeInIndex = 0; path = SignUp.app; sourceTree = BUILT_PRODUCTS_DIR; };
		CBCB7B1F29BA53DB00E5F34D /* AppDelegate.swift */ = {isa = PBXFileReference; lastKnownFileType = sourcecode.swift; path = AppDelegate.swift; sourceTree = "<group>"; };
		CBCB7B2129BA53DB00E5F34D /* SceneDelegate.swift */ = {isa = PBXFileReference; lastKnownFileType = sourcecode.swift; path = SceneDelegate.swift; sourceTree = "<group>"; };
		CBCB7B2629BA53DB00E5F34D /* Base */ = {isa = PBXFileReference; lastKnownFileType = file.storyboard; name = Base; path = Base.lproj/Main.storyboard; sourceTree = "<group>"; };
		CBCB7B2829BA53DB00E5F34D /* Assets.xcassets */ = {isa = PBXFileReference; lastKnownFileType = folder.assetcatalog; path = Assets.xcassets; sourceTree = "<group>"; };
		CBCB7B2B29BA53DB00E5F34D /* Base */ = {isa = PBXFileReference; lastKnownFileType = file.storyboard; name = Base; path = Base.lproj/LaunchScreen.storyboard; sourceTree = "<group>"; };
		CBCB7B2D29BA53DB00E5F34D /* Info.plist */ = {isa = PBXFileReference; lastKnownFileType = text.plist.xml; path = Info.plist; sourceTree = "<group>"; };
		CBCB7B3329BA542300E5F34D /* LoginScreen.swift */ = {isa = PBXFileReference; lastKnownFileType = sourcecode.swift; path = LoginScreen.swift; sourceTree = "<group>"; };
		CBCB7B3629BA561400E5F34D /* montserrat-regular.ttf */ = {isa = PBXFileReference; lastKnownFileType = file; path = "montserrat-regular.ttf"; sourceTree = "<group>"; };
		CBD297D02A0E8481002E9B38 /* TaskModel.swift */ = {isa = PBXFileReference; lastKnownFileType = sourcecode.swift; path = TaskModel.swift; sourceTree = "<group>"; };
		CBD297D62A152779002E9B38 /* TaskScreenTableCell.swift */ = {isa = PBXFileReference; lastKnownFileType = sourcecode.swift; path = TaskScreenTableCell.swift; sourceTree = "<group>"; };
		CBD297D82A155908002E9B38 /* StorageManager.swift */ = {isa = PBXFileReference; lastKnownFileType = sourcecode.swift; path = StorageManager.swift; sourceTree = "<group>"; };
		CBD297DA2A1FD4B2002E9B38 /* CountRepeatingController.swift */ = {isa = PBXFileReference; lastKnownFileType = sourcecode.swift; path = CountRepeatingController.swift; sourceTree = "<group>"; };
		CBD297DC2A1FD75A002E9B38 /* TimerController.swift */ = {isa = PBXFileReference; lastKnownFileType = sourcecode.swift; path = TimerController.swift; sourceTree = "<group>"; };
		CBD297DE2A1FD836002E9B38 /* TextController.swift */ = {isa = PBXFileReference; lastKnownFileType = sourcecode.swift; path = TextController.swift; sourceTree = "<group>"; };
		CBD297E02A1FD8AB002E9B38 /* GeolocationController.swift */ = {isa = PBXFileReference; lastKnownFileType = sourcecode.swift; path = GeolocationController.swift; sourceTree = "<group>"; };
		CBE1A5F92A5B1863002B5DBF /* TaskCreateAmountCell.swift */ = {isa = PBXFileReference; lastKnownFileType = sourcecode.swift; path = TaskCreateAmountCell.swift; sourceTree = "<group>"; };
		CBE9152429EA9C4300E53AF7 /* lato-bold.ttf */ = {isa = PBXFileReference; lastKnownFileType = file; path = "lato-bold.ttf"; sourceTree = "<group>"; };
		CBEAA6A229DB1E7A0046494E /* TaskScreenTabBarController.swift */ = {isa = PBXFileReference; lastKnownFileType = sourcecode.swift; path = TaskScreenTabBarController.swift; sourceTree = "<group>"; };
		CBEAA6A429DB24EA0046494E /* CourseScreen.swift */ = {isa = PBXFileReference; lastKnownFileType = sourcecode.swift; path = CourseScreen.swift; sourceTree = "<group>"; };
		CBEAA6A629DB255C0046494E /* ProfileScreen.swift */ = {isa = PBXFileReference; lastKnownFileType = sourcecode.swift; path = ProfileScreen.swift; sourceTree = "<group>"; };
		CBF14D2829FC3F150098A4CE /* CustomLabel.swift */ = {isa = PBXFileReference; lastKnownFileType = sourcecode.swift; path = CustomLabel.swift; sourceTree = "<group>"; };
		CBF14D2C29FD8E650098A4CE /* TaskCreateProtocols.swift */ = {isa = PBXFileReference; lastKnownFileType = sourcecode.swift; path = TaskCreateProtocols.swift; sourceTree = "<group>"; };
		CBF14D2E29FD8FA60098A4CE /* TaskCreateNameModel.swift */ = {isa = PBXFileReference; lastKnownFileType = sourcecode.swift; path = TaskCreateNameModel.swift; sourceTree = "<group>"; };
		CBF14D3029FD90E20098A4CE /* TaskCreateNameCell.swift */ = {isa = PBXFileReference; lastKnownFileType = sourcecode.swift; path = TaskCreateNameCell.swift; sourceTree = "<group>"; };
		CBF14D3229FE4C8C0098A4CE /* OneTimeController.swift */ = {isa = PBXFileReference; lastKnownFileType = sourcecode.swift; path = OneTimeController.swift; sourceTree = "<group>"; };
		CBF14D3829FFD3510098A4CE /* TaskCreatePeriodModel.swift */ = {isa = PBXFileReference; lastKnownFileType = sourcecode.swift; path = TaskCreatePeriodModel.swift; sourceTree = "<group>"; };
		CBF14D3A29FFD86F0098A4CE /* TaskCreatePeriodCell.swift */ = {isa = PBXFileReference; lastKnownFileType = sourcecode.swift; path = TaskCreatePeriodCell.swift; sourceTree = "<group>"; };
		CBF14D3C2A00327C0098A4CE /* CustomView.swift */ = {isa = PBXFileReference; lastKnownFileType = sourcecode.swift; path = CustomView.swift; sourceTree = "<group>"; };
		CBF14D3E2A0BF6070098A4CE /* TaskCreateStartFinishModel.swift */ = {isa = PBXFileReference; lastKnownFileType = sourcecode.swift; path = TaskCreateStartFinishModel.swift; sourceTree = "<group>"; };
		CBF14D402A0BF7340098A4CE /* TaskCreateStartFinishCell.swift */ = {isa = PBXFileReference; lastKnownFileType = sourcecode.swift; path = TaskCreateStartFinishCell.swift; sourceTree = "<group>"; };
		CBF61C5529D1ED9800B590F9 /* TaskScreenController.swift */ = {isa = PBXFileReference; lastKnownFileType = sourcecode.swift; path = TaskScreenController.swift; sourceTree = "<group>"; };
		CBF61C5B29D33DB500B590F9 /* DayCell.swift */ = {isa = PBXFileReference; lastKnownFileType = sourcecode.swift; path = DayCell.swift; sourceTree = "<group>"; };
		CBFFDB182A5B1A4900BFBAC9 /* TaskCreateAmountModel.swift */ = {isa = PBXFileReference; lastKnownFileType = sourcecode.swift; path = TaskCreateAmountModel.swift; sourceTree = "<group>"; };
/* End PBXFileReference section */

/* Begin PBXFrameworksBuildPhase section */
		CBCB7B1929BA53DB00E5F34D /* Frameworks */ = {
			isa = PBXFrameworksBuildPhase;
			buildActionMask = 2147483647;
			files = (
				CBF14D4A2A0D64300098A4CE /* RealmSwift in Frameworks */,
				CBF14D482A0D64300098A4CE /* Realm in Frameworks */,
			);
			runOnlyForDeploymentPostprocessing = 0;
		};
/* End PBXFrameworksBuildPhase section */

/* Begin PBXGroup section */
		CB3FB2FE2A2E51DE002D9570 /* TaskCreateScreens */ = {
			isa = PBXGroup;
			children = (
				CBBEF61A2A37933800A35894 /* Common */,
				CB3FB2FF2A2E524A002D9570 /* Model */,
				CB3FB3002A2E525A002D9570 /* View */,
				CB3FB3012A2E5263002D9570 /* Controller */,
				CBBEF5FB2A37881000A35894 /* TaskType */,
			);
			path = TaskCreateScreens;
			sourceTree = "<group>";
		};
		CB3FB2FF2A2E524A002D9570 /* Model */ = {
			isa = PBXGroup;
			children = (
				CBBEF61B2A3793D100A35894 /* Name */,
				CBBEF61C2A3793E800A35894 /* Period */,
				CBBEF61D2A37940000A35894 /* StartFinish */,
				CBBEF61E2A37942600A35894 /* Timer */,
				CBE1A5F32A5B15E1002B5DBF /* Amount */,
			);
			path = Model;
			sourceTree = "<group>";
		};
		CB3FB3002A2E525A002D9570 /* View */ = {
			isa = PBXGroup;
			children = (
				CBBEF61F2A3795DA00A35894 /* Name */,
				CBBEF6212A37964000A35894 /* Period */,
				CBBEF6222A37965200A35894 /* StartFinish */,
				CBBEF6202A37960900A35894 /* Timer */,
				CBE1A5F82A5B1773002B5DBF /* Amount */,
			);
			path = View;
			sourceTree = "<group>";
		};
		CB3FB3012A2E5263002D9570 /* Controller */ = {
			isa = PBXGroup;
			children = (
				CBBEF6062A378BE300A35894 /* CountRepeatingTask */,
				CBBEF6072A378C0600A35894 /* GeolocationTask */,
				CBBEF6052A378BCB00A35894 /* TimerTask */,
				CBBEF6042A378BA500A35894 /* TextTask */,
				CBBEF5FF2A37892600A35894 /* OneTimeTask */,
			);
			path = Controller;
			sourceTree = "<group>";
		};
		CB4CC8ED29DC82C9002C9960 /* Common */ = {
			isa = PBXGroup;
			children = (
				CBBDD13429BC79F8004443D4 /* СustomTextField.swift */,
				CBF14D2829FC3F150098A4CE /* CustomLabel.swift */,
				CBF14D3C2A00327C0098A4CE /* CustomView.swift */,
				CB89A0D02A2289070093328C /* CustomButton.swift */,
				CB89A0CE2A2286740093328C /* CreatingNewTask.swift */,
			);
			path = Common;
			sourceTree = "<group>";
		};
		CB4CC8EF29DC832A002C9960 /* Screens */ = {
			isa = PBXGroup;
			children = (
				CB4CC8F129DC8361002C9960 /* Authorization */,
				CBBEF6152A3790A100A35894 /* TaskScreenTBController */,
				CBBEF5FA2A37877400A35894 /* CourseScreen */,
				CBBEF5F92A37873800A35894 /* ProfileScreen */,
				CBBEF6162A37918300A35894 /* TaskScreen */,
			);
			path = Screens;
			sourceTree = "<group>";
		};
		CB4CC8F129DC8361002C9960 /* Authorization */ = {
			isa = PBXGroup;
			children = (
				CBFFDB1A2A6EE83400BFBAC9 /* RegistrationScreen */,
				CB4CC8F529DC842F002C9960 /* NewPasswordScreen */,
				CB4CC8F429DC8411002C9960 /* RefreshPasswordScreen */,
				CB4CC8F229DC8377002C9960 /* LoginScreen */,
			);
			path = Authorization;
			sourceTree = "<group>";
		};
		CB4CC8F229DC8377002C9960 /* LoginScreen */ = {
			isa = PBXGroup;
			children = (
				CBCB7B3329BA542300E5F34D /* LoginScreen.swift */,
			);
			path = LoginScreen;
			sourceTree = "<group>";
		};
		CB4CC8F429DC8411002C9960 /* RefreshPasswordScreen */ = {
			isa = PBXGroup;
			children = (
				CBCAAA6229C0CAF40056FB23 /* RefreshPasswordScreen.swift */,
			);
			path = RefreshPasswordScreen;
			sourceTree = "<group>";
		};
		CB4CC8F529DC842F002C9960 /* NewPasswordScreen */ = {
			isa = PBXGroup;
			children = (
				CB002CFB29C3844B00BB1704 /* NewPasswordScreen.swift */,
			);
			path = NewPasswordScreen;
			sourceTree = "<group>";
		};
		CB4CC8FE29DC97C7002C9960 /* Servicе */ = {
			isa = PBXGroup;
			children = (
				CBBCA8A82A44CE5200915486 /* TimerService.swift */,
			);
			path = "Servicе";
			sourceTree = "<group>";
		};
		CBBEF5F92A37873800A35894 /* ProfileScreen */ = {
			isa = PBXGroup;
			children = (
				CBEAA6A629DB255C0046494E /* ProfileScreen.swift */,
			);
			path = ProfileScreen;
			sourceTree = "<group>";
		};
		CBBEF5FA2A37877400A35894 /* CourseScreen */ = {
			isa = PBXGroup;
			children = (
				CBEAA6A429DB24EA0046494E /* CourseScreen.swift */,
			);
			path = CourseScreen;
			sourceTree = "<group>";
		};
		CBBEF5FB2A37881000A35894 /* TaskType */ = {
			isa = PBXGroup;
			children = (
				CBBEF5FC2A37882200A35894 /* Model */,
				CBBEF5FD2A37884100A35894 /* View */,
				CBBEF5FE2A37888900A35894 /* Controller */,
			);
			path = TaskType;
			sourceTree = "<group>";
		};
		CBBEF5FC2A37882200A35894 /* Model */ = {
			isa = PBXGroup;
			children = (
				CB24BA7D29DF310F006DA3F7 /* TaskTypeCellModel.swift */,
			);
			path = Model;
			sourceTree = "<group>";
		};
		CBBEF5FD2A37884100A35894 /* View */ = {
			isa = PBXGroup;
			children = (
				CB24BA7B29DDC4B1006DA3F7 /* TaskTypeCell.swift */,
			);
			path = View;
			sourceTree = "<group>";
		};
		CBBEF5FE2A37888900A35894 /* Controller */ = {
			isa = PBXGroup;
			children = (
				CB4CC8FF29DCA325002C9960 /* TaskTypeController.swift */,
			);
			path = Controller;
			sourceTree = "<group>";
		};
		CBBEF5FF2A37892600A35894 /* OneTimeTask */ = {
			isa = PBXGroup;
			children = (
				CBF14D3229FE4C8C0098A4CE /* OneTimeController.swift */,
			);
			path = OneTimeTask;
			sourceTree = "<group>";
		};
		CBBEF6042A378BA500A35894 /* TextTask */ = {
			isa = PBXGroup;
			children = (
				CBD297DE2A1FD836002E9B38 /* TextController.swift */,
			);
			path = TextTask;
			sourceTree = "<group>";
		};
		CBBEF6052A378BCB00A35894 /* TimerTask */ = {
			isa = PBXGroup;
			children = (
				CBD297DC2A1FD75A002E9B38 /* TimerController.swift */,
			);
			path = TimerTask;
			sourceTree = "<group>";
		};
		CBBEF6062A378BE300A35894 /* CountRepeatingTask */ = {
			isa = PBXGroup;
			children = (
				CBD297DA2A1FD4B2002E9B38 /* CountRepeatingController.swift */,
			);
			path = CountRepeatingTask;
			sourceTree = "<group>";
		};
		CBBEF6072A378C0600A35894 /* GeolocationTask */ = {
			isa = PBXGroup;
			children = (
				CBD297E02A1FD8AB002E9B38 /* GeolocationController.swift */,
			);
			path = GeolocationTask;
			sourceTree = "<group>";
		};
		CBBEF6112A378F5400A35894 /* ScrollView */ = {
			isa = PBXGroup;
			children = (
				CBBEF6142A378F9100A35894 /* Model */,
				CBBEF6132A378F8300A35894 /* View */,
				CBBEF6122A378F6900A35894 /* Controller */,
			);
			path = ScrollView;
			sourceTree = "<group>";
		};
		CBBEF6122A378F6900A35894 /* Controller */ = {
			isa = PBXGroup;
			children = (
				CB4CC8FC29DC9444002C9960 /* DayController.swift */,
			);
			path = Controller;
			sourceTree = "<group>";
		};
		CBBEF6132A378F8300A35894 /* View */ = {
			isa = PBXGroup;
			children = (
				CBF61C5B29D33DB500B590F9 /* DayCell.swift */,
			);
			path = View;
			sourceTree = "<group>";
		};
		CBBEF6142A378F9100A35894 /* Model */ = {
			isa = PBXGroup;
			children = (
				CB4CC8FA29DC84F4002C9960 /* DayCellModel.swift */,
			);
			path = Model;
			sourceTree = "<group>";
		};
		CBBEF6152A3790A100A35894 /* TaskScreenTBController */ = {
			isa = PBXGroup;
			children = (
				CBEAA6A229DB1E7A0046494E /* TaskScreenTabBarController.swift */,
			);
			path = TaskScreenTBController;
			sourceTree = "<group>";
		};
		CBBEF6162A37918300A35894 /* TaskScreen */ = {
			isa = PBXGroup;
			children = (
				CBBEF6172A37918F00A35894 /* RealmModel */,
				CBBEF6182A3791A100A35894 /* View */,
				CBBEF6192A3791C400A35894 /* Controller */,
				CBBEF6112A378F5400A35894 /* ScrollView */,
				CBBEF6232A37968D00A35894 /* RealmManager */,
				CB3FB2FE2A2E51DE002D9570 /* TaskCreateScreens */,
			);
			path = TaskScreen;
			sourceTree = "<group>";
		};
		CBBEF6172A37918F00A35894 /* RealmModel */ = {
			isa = PBXGroup;
			children = (
				CBD297D02A0E8481002E9B38 /* TaskModel.swift */,
			);
			path = RealmModel;
			sourceTree = "<group>";
		};
		CBBEF6182A3791A100A35894 /* View */ = {
			isa = PBXGroup;
			children = (
				CBD297D62A152779002E9B38 /* TaskScreenTableCell.swift */,
			);
			path = View;
			sourceTree = "<group>";
		};
		CBBEF6192A3791C400A35894 /* Controller */ = {
			isa = PBXGroup;
			children = (
				CBF61C5529D1ED9800B590F9 /* TaskScreenController.swift */,
			);
			path = Controller;
			sourceTree = "<group>";
		};
		CBBEF61A2A37933800A35894 /* Common */ = {
			isa = PBXGroup;
			children = (
				CBF14D2C29FD8E650098A4CE /* TaskCreateProtocols.swift */,
			);
			path = Common;
			sourceTree = "<group>";
		};
		CBBEF61B2A3793D100A35894 /* Name */ = {
			isa = PBXGroup;
			children = (
				CBF14D2E29FD8FA60098A4CE /* TaskCreateNameModel.swift */,
			);
			path = Name;
			sourceTree = "<group>";
		};
		CBBEF61C2A3793E800A35894 /* Period */ = {
			isa = PBXGroup;
			children = (
				CBF14D3829FFD3510098A4CE /* TaskCreatePeriodModel.swift */,
			);
			path = Period;
			sourceTree = "<group>";
		};
		CBBEF61D2A37940000A35894 /* StartFinish */ = {
			isa = PBXGroup;
			children = (
				CBF14D3E2A0BF6070098A4CE /* TaskCreateStartFinishModel.swift */,
			);
			path = StartFinish;
			sourceTree = "<group>";
		};
		CBBEF61E2A37942600A35894 /* Timer */ = {
			isa = PBXGroup;
			children = (
				CB738EEA2A27AACF006E31C0 /* TaskCreateTimerModel.swift */,
			);
			path = Timer;
			sourceTree = "<group>";
		};
		CBBEF61F2A3795DA00A35894 /* Name */ = {
			isa = PBXGroup;
			children = (
				CBF14D3029FD90E20098A4CE /* TaskCreateNameCell.swift */,
			);
			path = Name;
			sourceTree = "<group>";
		};
		CBBEF6202A37960900A35894 /* Timer */ = {
			isa = PBXGroup;
			children = (
				CB738EEC2A27ABB1006E31C0 /* TaskCreateTimerCell.swift */,
			);
			path = Timer;
			sourceTree = "<group>";
		};
		CBBEF6212A37964000A35894 /* Period */ = {
			isa = PBXGroup;
			children = (
				CBF14D3A29FFD86F0098A4CE /* TaskCreatePeriodCell.swift */,
			);
			path = Period;
			sourceTree = "<group>";
		};
		CBBEF6222A37965200A35894 /* StartFinish */ = {
			isa = PBXGroup;
			children = (
				CBF14D402A0BF7340098A4CE /* TaskCreateStartFinishCell.swift */,
			);
			path = StartFinish;
			sourceTree = "<group>";
		};
		CBBEF6232A37968D00A35894 /* RealmManager */ = {
			isa = PBXGroup;
			children = (
				CBD297D82A155908002E9B38 /* StorageManager.swift */,
			);
			path = RealmManager;
			sourceTree = "<group>";
		};
		CBCB7B1329BA53DB00E5F34D = {
			isa = PBXGroup;
			children = (
				CBCB7B1E29BA53DB00E5F34D /* SignUp */,
				CBCB7B1D29BA53DB00E5F34D /* Products */,
			);
			sourceTree = "<group>";
		};
		CBCB7B1D29BA53DB00E5F34D /* Products */ = {
			isa = PBXGroup;
			children = (
				CBCB7B1C29BA53DB00E5F34D /* SignUp.app */,
			);
			name = Products;
			sourceTree = "<group>";
		};
		CBCB7B1E29BA53DB00E5F34D /* SignUp */ = {
			isa = PBXGroup;
			children = (
				CB4CC8FE29DC97C7002C9960 /* Servicе */,
				CB4CC8ED29DC82C9002C9960 /* Common */,
				CB4CC8EF29DC832A002C9960 /* Screens */,
				CBCB7B3529BA55F000E5F34D /* Fonts */,
				CBCB7B1F29BA53DB00E5F34D /* AppDelegate.swift */,
				CBCB7B2129BA53DB00E5F34D /* SceneDelegate.swift */,
				CBCB7B2529BA53DB00E5F34D /* Main.storyboard */,
				CBCB7B2829BA53DB00E5F34D /* Assets.xcassets */,
				CBCB7B2A29BA53DB00E5F34D /* LaunchScreen.storyboard */,
				CBCB7B2D29BA53DB00E5F34D /* Info.plist */,
			);
			path = SignUp;
			sourceTree = "<group>";
		};
		CBCB7B3529BA55F000E5F34D /* Fonts */ = {
			isa = PBXGroup;
			children = (
				CBCAAA6029BCA7450056FB23 /* lato-regular.ttf */,
				CBE9152429EA9C4300E53AF7 /* lato-bold.ttf */,
				CBCB7B3629BA561400E5F34D /* montserrat-regular.ttf */,
			);
			path = Fonts;
			sourceTree = "<group>";
		};
		CBE1A5F32A5B15E1002B5DBF /* Amount */ = {
			isa = PBXGroup;
			children = (
				CBFFDB182A5B1A4900BFBAC9 /* TaskCreateAmountModel.swift */,
			);
			path = Amount;
			sourceTree = "<group>";
		};
		CBE1A5F82A5B1773002B5DBF /* Amount */ = {
			isa = PBXGroup;
			children = (
				CBE1A5F92A5B1863002B5DBF /* TaskCreateAmountCell.swift */,
			);
			path = Amount;
			sourceTree = "<group>";
		};
		CBFFDB1A2A6EE83400BFBAC9 /* RegistrationScreen */ = {
			isa = PBXGroup;
			children = (
				CBFFDB1B2A6EE86D00BFBAC9 /* Model */,
				CBFFDB1C2A6EE87400BFBAC9 /* View */,
				CBFFDB1D2A6EE88200BFBAC9 /* Controller */,
			);
			path = RegistrationScreen;
			sourceTree = "<group>";
		};
		CBFFDB1B2A6EE86D00BFBAC9 /* Model */ = {
			isa = PBXGroup;
			children = (
			);
			path = Model;
			sourceTree = "<group>";
		};
		CBFFDB1C2A6EE87400BFBAC9 /* View */ = {
			isa = PBXGroup;
			children = (
			);
			path = View;
			sourceTree = "<group>";
		};
		CBFFDB1D2A6EE88200BFBAC9 /* Controller */ = {
			isa = PBXGroup;
			children = (
			);
			path = Controller;
			sourceTree = "<group>";
		};
/* End PBXGroup section */

/* Begin PBXNativeTarget section */
		CBCB7B1B29BA53DB00E5F34D /* SignUp */ = {
			isa = PBXNativeTarget;
			buildConfigurationList = CBCB7B3029BA53DB00E5F34D /* Build configuration list for PBXNativeTarget "SignUp" */;
			buildPhases = (
				CBCB7B1829BA53DB00E5F34D /* Sources */,
				CBCB7B1929BA53DB00E5F34D /* Frameworks */,
				CBCB7B1A29BA53DB00E5F34D /* Resources */,
			);
			buildRules = (
			);
			dependencies = (
			);
			name = SignUp;
			packageProductDependencies = (
				CBF14D472A0D64300098A4CE /* Realm */,
				CBF14D492A0D64300098A4CE /* RealmSwift */,
			);
			productName = SignUp;
			productReference = CBCB7B1C29BA53DB00E5F34D /* SignUp.app */;
			productType = "com.apple.product-type.application";
		};
/* End PBXNativeTarget section */

/* Begin PBXProject section */
		CBCB7B1429BA53DB00E5F34D /* Project object */ = {
			isa = PBXProject;
			attributes = {
				BuildIndependentTargetsInParallel = 1;
				LastSwiftUpdateCheck = 1400;
				LastUpgradeCheck = 1400;
				TargetAttributes = {
					CBCB7B1B29BA53DB00E5F34D = {
						CreatedOnToolsVersion = 14.0.1;
					};
				};
			};
			buildConfigurationList = CBCB7B1729BA53DB00E5F34D /* Build configuration list for PBXProject "SignUp" */;
			compatibilityVersion = "Xcode 14.0";
			developmentRegion = en;
			hasScannedForEncodings = 0;
			knownRegions = (
				en,
				Base,
			);
			mainGroup = CBCB7B1329BA53DB00E5F34D;
			packageReferences = (
				CBF14D462A0D64300098A4CE /* XCRemoteSwiftPackageReference "realm-swift" */,
			);
			productRefGroup = CBCB7B1D29BA53DB00E5F34D /* Products */;
			projectDirPath = "";
			projectRoot = "";
			targets = (
				CBCB7B1B29BA53DB00E5F34D /* SignUp */,
			);
		};
/* End PBXProject section */

/* Begin PBXResourcesBuildPhase section */
		CBCB7B1A29BA53DB00E5F34D /* Resources */ = {
			isa = PBXResourcesBuildPhase;
			buildActionMask = 2147483647;
			files = (
				CBCB7B3729BA561400E5F34D /* montserrat-regular.ttf in Resources */,
				CBCB7B2C29BA53DB00E5F34D /* LaunchScreen.storyboard in Resources */,
				CBCB7B2929BA53DB00E5F34D /* Assets.xcassets in Resources */,
				CBCAAA6129BCA7450056FB23 /* lato-regular.ttf in Resources */,
				CBCB7B2729BA53DB00E5F34D /* Main.storyboard in Resources */,
			);
			runOnlyForDeploymentPostprocessing = 0;
		};
/* End PBXResourcesBuildPhase section */

/* Begin PBXSourcesBuildPhase section */
		CBCB7B1829BA53DB00E5F34D /* Sources */ = {
			isa = PBXSourcesBuildPhase;
			buildActionMask = 2147483647;
			files = (
				CBF14D412A0BF7340098A4CE /* TaskCreateStartFinishCell.swift in Sources */,
				CBD297D12A0E8481002E9B38 /* TaskModel.swift in Sources */,
				CB89A0CF2A2286740093328C /* CreatingNewTask.swift in Sources */,
				CBEAA6A529DB24EA0046494E /* CourseScreen.swift in Sources */,
				CB738EED2A27ABB1006E31C0 /* TaskCreateTimerCell.swift in Sources */,
				CB89A0D12A2289070093328C /* CustomButton.swift in Sources */,
				CBF14D3129FD90E20098A4CE /* TaskCreateNameCell.swift in Sources */,
				CBF61C5629D1ED9800B590F9 /* TaskScreenController.swift in Sources */,
				CBD297E12A1FD8AB002E9B38 /* GeolocationController.swift in Sources */,
				CBD297DB2A1FD4B2002E9B38 /* CountRepeatingController.swift in Sources */,
				CBF14D3F2A0BF6070098A4CE /* TaskCreateStartFinishModel.swift in Sources */,
				CB738EEB2A27AACF006E31C0 /* TaskCreateTimerModel.swift in Sources */,
				CBCB7B3429BA542300E5F34D /* LoginScreen.swift in Sources */,
				CBF14D2D29FD8E650098A4CE /* TaskCreateProtocols.swift in Sources */,
				CBEAA6A329DB1E7A0046494E /* TaskScreenTabBarController.swift in Sources */,
				CB4CC90029DCA325002C9960 /* TaskTypeController.swift in Sources */,
				CBF14D3329FE4C8C0098A4CE /* OneTimeController.swift in Sources */,
				CB4CC8FB29DC84F4002C9960 /* DayCellModel.swift in Sources */,
				CBFFDB192A5B1A4900BFBAC9 /* TaskCreateAmountModel.swift in Sources */,
				CBEAA6A729DB255C0046494E /* ProfileScreen.swift in Sources */,
				CBBCA8A92A44CE5200915486 /* TimerService.swift in Sources */,
				CBF14D2929FC3F150098A4CE /* CustomLabel.swift in Sources */,
				CBCB7B2029BA53DB00E5F34D /* AppDelegate.swift in Sources */,
				CB24BA7E29DF310F006DA3F7 /* TaskTypeCellModel.swift in Sources */,
				CBBDD13529BC79F8004443D4 /* СustomTextField.swift in Sources */,
				CBF14D3B29FFD86F0098A4CE /* TaskCreatePeriodCell.swift in Sources */,
				CBF14D3929FFD3510098A4CE /* TaskCreatePeriodModel.swift in Sources */,
				CBCB7B2229BA53DB00E5F34D /* SceneDelegate.swift in Sources */,
				CB4CC8FD29DC9444002C9960 /* DayController.swift in Sources */,
				CBD297D72A152779002E9B38 /* TaskScreenTableCell.swift in Sources */,
				CB24BA7C29DDC4B1006DA3F7 /* TaskTypeCell.swift in Sources */,
				CBD297DF2A1FD836002E9B38 /* TextController.swift in Sources */,
				CBE1A5FA2A5B1863002B5DBF /* TaskCreateAmountCell.swift in Sources */,
				CBF14D3D2A00327C0098A4CE /* CustomView.swift in Sources */,
				CBCAAA6329C0CAF40056FB23 /* RefreshPasswordScreen.swift in Sources */,
				CBF14D2F29FD8FA60098A4CE /* TaskCreateNameModel.swift in Sources */,
				CBD297DD2A1FD75A002E9B38 /* TimerController.swift in Sources */,
				CBF61C5C29D33DB500B590F9 /* DayCell.swift in Sources */,
				CB002CFC29C3844B00BB1704 /* NewPasswordScreen.swift in Sources */,
				CBD297D92A155908002E9B38 /* StorageManager.swift in Sources */,
			);
			runOnlyForDeploymentPostprocessing = 0;
		};
/* End PBXSourcesBuildPhase section */

/* Begin PBXVariantGroup section */
		CBCB7B2529BA53DB00E5F34D /* Main.storyboard */ = {
			isa = PBXVariantGroup;
			children = (
				CBCB7B2629BA53DB00E5F34D /* Base */,
			);
			name = Main.storyboard;
			sourceTree = "<group>";
		};
		CBCB7B2A29BA53DB00E5F34D /* LaunchScreen.storyboard */ = {
			isa = PBXVariantGroup;
			children = (
				CBCB7B2B29BA53DB00E5F34D /* Base */,
			);
			name = LaunchScreen.storyboard;
			sourceTree = "<group>";
		};
/* End PBXVariantGroup section */

/* Begin XCBuildConfiguration section */
		CBCB7B2E29BA53DB00E5F34D /* Debug */ = {
			isa = XCBuildConfiguration;
			buildSettings = {
				ALWAYS_SEARCH_USER_PATHS = NO;
				CLANG_ANALYZER_NONNULL = YES;
				CLANG_ANALYZER_NUMBER_OBJECT_CONVERSION = YES_AGGRESSIVE;
				CLANG_CXX_LANGUAGE_STANDARD = "gnu++20";
				CLANG_ENABLE_MODULES = YES;
				CLANG_ENABLE_OBJC_ARC = YES;
				CLANG_ENABLE_OBJC_WEAK = YES;
				CLANG_WARN_BLOCK_CAPTURE_AUTORELEASING = YES;
				CLANG_WARN_BOOL_CONVERSION = YES;
				CLANG_WARN_COMMA = YES;
				CLANG_WARN_CONSTANT_CONVERSION = YES;
				CLANG_WARN_DEPRECATED_OBJC_IMPLEMENTATIONS = YES;
				CLANG_WARN_DIRECT_OBJC_ISA_USAGE = YES_ERROR;
				CLANG_WARN_DOCUMENTATION_COMMENTS = YES;
				CLANG_WARN_EMPTY_BODY = YES;
				CLANG_WARN_ENUM_CONVERSION = YES;
				CLANG_WARN_INFINITE_RECURSION = YES;
				CLANG_WARN_INT_CONVERSION = YES;
				CLANG_WARN_NON_LITERAL_NULL_CONVERSION = YES;
				CLANG_WARN_OBJC_IMPLICIT_RETAIN_SELF = YES;
				CLANG_WARN_OBJC_LITERAL_CONVERSION = YES;
				CLANG_WARN_OBJC_ROOT_CLASS = YES_ERROR;
				CLANG_WARN_QUOTED_INCLUDE_IN_FRAMEWORK_HEADER = YES;
				CLANG_WARN_RANGE_LOOP_ANALYSIS = YES;
				CLANG_WARN_STRICT_PROTOTYPES = YES;
				CLANG_WARN_SUSPICIOUS_MOVE = YES;
				CLANG_WARN_UNGUARDED_AVAILABILITY = YES_AGGRESSIVE;
				CLANG_WARN_UNREACHABLE_CODE = YES;
				CLANG_WARN__DUPLICATE_METHOD_MATCH = YES;
				COPY_PHASE_STRIP = NO;
				DEBUG_INFORMATION_FORMAT = dwarf;
				ENABLE_STRICT_OBJC_MSGSEND = YES;
				ENABLE_TESTABILITY = YES;
				GCC_C_LANGUAGE_STANDARD = gnu11;
				GCC_DYNAMIC_NO_PIC = NO;
				GCC_NO_COMMON_BLOCKS = YES;
				GCC_OPTIMIZATION_LEVEL = 0;
				GCC_PREPROCESSOR_DEFINITIONS = (
					"DEBUG=1",
					"$(inherited)",
				);
				GCC_WARN_64_TO_32_BIT_CONVERSION = YES;
				GCC_WARN_ABOUT_RETURN_TYPE = YES_ERROR;
				GCC_WARN_UNDECLARED_SELECTOR = YES;
				GCC_WARN_UNINITIALIZED_AUTOS = YES_AGGRESSIVE;
				GCC_WARN_UNUSED_FUNCTION = YES;
				GCC_WARN_UNUSED_VARIABLE = YES;
				IPHONEOS_DEPLOYMENT_TARGET = 16.0;
				MTL_ENABLE_DEBUG_INFO = INCLUDE_SOURCE;
				MTL_FAST_MATH = YES;
				ONLY_ACTIVE_ARCH = YES;
				SDKROOT = iphoneos;
				SWIFT_ACTIVE_COMPILATION_CONDITIONS = DEBUG;
				SWIFT_OPTIMIZATION_LEVEL = "-Onone";
			};
			name = Debug;
		};
		CBCB7B2F29BA53DB00E5F34D /* Release */ = {
			isa = XCBuildConfiguration;
			buildSettings = {
				ALWAYS_SEARCH_USER_PATHS = NO;
				CLANG_ANALYZER_NONNULL = YES;
				CLANG_ANALYZER_NUMBER_OBJECT_CONVERSION = YES_AGGRESSIVE;
				CLANG_CXX_LANGUAGE_STANDARD = "gnu++20";
				CLANG_ENABLE_MODULES = YES;
				CLANG_ENABLE_OBJC_ARC = YES;
				CLANG_ENABLE_OBJC_WEAK = YES;
				CLANG_WARN_BLOCK_CAPTURE_AUTORELEASING = YES;
				CLANG_WARN_BOOL_CONVERSION = YES;
				CLANG_WARN_COMMA = YES;
				CLANG_WARN_CONSTANT_CONVERSION = YES;
				CLANG_WARN_DEPRECATED_OBJC_IMPLEMENTATIONS = YES;
				CLANG_WARN_DIRECT_OBJC_ISA_USAGE = YES_ERROR;
				CLANG_WARN_DOCUMENTATION_COMMENTS = YES;
				CLANG_WARN_EMPTY_BODY = YES;
				CLANG_WARN_ENUM_CONVERSION = YES;
				CLANG_WARN_INFINITE_RECURSION = YES;
				CLANG_WARN_INT_CONVERSION = YES;
				CLANG_WARN_NON_LITERAL_NULL_CONVERSION = YES;
				CLANG_WARN_OBJC_IMPLICIT_RETAIN_SELF = YES;
				CLANG_WARN_OBJC_LITERAL_CONVERSION = YES;
				CLANG_WARN_OBJC_ROOT_CLASS = YES_ERROR;
				CLANG_WARN_QUOTED_INCLUDE_IN_FRAMEWORK_HEADER = YES;
				CLANG_WARN_RANGE_LOOP_ANALYSIS = YES;
				CLANG_WARN_STRICT_PROTOTYPES = YES;
				CLANG_WARN_SUSPICIOUS_MOVE = YES;
				CLANG_WARN_UNGUARDED_AVAILABILITY = YES_AGGRESSIVE;
				CLANG_WARN_UNREACHABLE_CODE = YES;
				CLANG_WARN__DUPLICATE_METHOD_MATCH = YES;
				COPY_PHASE_STRIP = NO;
				DEBUG_INFORMATION_FORMAT = "dwarf-with-dsym";
				ENABLE_NS_ASSERTIONS = NO;
				ENABLE_STRICT_OBJC_MSGSEND = YES;
				GCC_C_LANGUAGE_STANDARD = gnu11;
				GCC_NO_COMMON_BLOCKS = YES;
				GCC_WARN_64_TO_32_BIT_CONVERSION = YES;
				GCC_WARN_ABOUT_RETURN_TYPE = YES_ERROR;
				GCC_WARN_UNDECLARED_SELECTOR = YES;
				GCC_WARN_UNINITIALIZED_AUTOS = YES_AGGRESSIVE;
				GCC_WARN_UNUSED_FUNCTION = YES;
				GCC_WARN_UNUSED_VARIABLE = YES;
				IPHONEOS_DEPLOYMENT_TARGET = 16.0;
				MTL_ENABLE_DEBUG_INFO = NO;
				MTL_FAST_MATH = YES;
				SDKROOT = iphoneos;
				SWIFT_COMPILATION_MODE = wholemodule;
				SWIFT_OPTIMIZATION_LEVEL = "-O";
				VALIDATE_PRODUCT = YES;
			};
			name = Release;
		};
		CBCB7B3129BA53DB00E5F34D /* Debug */ = {
			isa = XCBuildConfiguration;
			buildSettings = {
				ASSETCATALOG_COMPILER_APPICON_NAME = AppIcon;
				ASSETCATALOG_COMPILER_GLOBAL_ACCENT_COLOR_NAME = AccentColor;
				CODE_SIGN_STYLE = Automatic;
				CURRENT_PROJECT_VERSION = 1;
				DEVELOPMENT_TEAM = V2P7SXQF84;
				GENERATE_INFOPLIST_FILE = YES;
				INFOPLIST_FILE = SignUp/Info.plist;
				INFOPLIST_KEY_UIApplicationSupportsIndirectInputEvents = YES;
				INFOPLIST_KEY_UILaunchStoryboardName = LaunchScreen;
				INFOPLIST_KEY_UISupportedInterfaceOrientations = UIInterfaceOrientationPortrait;
				INFOPLIST_KEY_UISupportedInterfaceOrientations_iPad = "UIInterfaceOrientationLandscapeLeft UIInterfaceOrientationLandscapeRight UIInterfaceOrientationPortrait UIInterfaceOrientationPortraitUpsideDown";
				IPHONEOS_DEPLOYMENT_TARGET = 16.0;
				LD_RUNPATH_SEARCH_PATHS = (
					"$(inherited)",
					"@executable_path/Frameworks",
				);
				MARKETING_VERSION = 1.0;
				PRODUCT_BUNDLE_IDENTIFIER = rapic.SignUp;
				PRODUCT_NAME = "$(TARGET_NAME)";
				SUPPORTED_PLATFORMS = "iphoneos iphonesimulator";
				SUPPORTS_MACCATALYST = NO;
				SUPPORTS_MAC_DESIGNED_FOR_IPHONE_IPAD = NO;
				SWIFT_EMIT_LOC_STRINGS = YES;
				SWIFT_VERSION = 5.0;
				TARGETED_DEVICE_FAMILY = 1;
			};
			name = Debug;
		};
		CBCB7B3229BA53DB00E5F34D /* Release */ = {
			isa = XCBuildConfiguration;
			buildSettings = {
				ASSETCATALOG_COMPILER_APPICON_NAME = AppIcon;
				ASSETCATALOG_COMPILER_GLOBAL_ACCENT_COLOR_NAME = AccentColor;
				CODE_SIGN_STYLE = Automatic;
				CURRENT_PROJECT_VERSION = 1;
				DEVELOPMENT_TEAM = V2P7SXQF84;
				GENERATE_INFOPLIST_FILE = YES;
				INFOPLIST_FILE = SignUp/Info.plist;
				INFOPLIST_KEY_UIApplicationSupportsIndirectInputEvents = YES;
				INFOPLIST_KEY_UILaunchStoryboardName = LaunchScreen;
				INFOPLIST_KEY_UISupportedInterfaceOrientations = UIInterfaceOrientationPortrait;
				INFOPLIST_KEY_UISupportedInterfaceOrientations_iPad = "UIInterfaceOrientationLandscapeLeft UIInterfaceOrientationLandscapeRight UIInterfaceOrientationPortrait UIInterfaceOrientationPortraitUpsideDown";
				IPHONEOS_DEPLOYMENT_TARGET = 16.0;
				LD_RUNPATH_SEARCH_PATHS = (
					"$(inherited)",
					"@executable_path/Frameworks",
				);
				MARKETING_VERSION = 1.0;
				PRODUCT_BUNDLE_IDENTIFIER = rapic.SignUp;
				PRODUCT_NAME = "$(TARGET_NAME)";
				SUPPORTED_PLATFORMS = "iphoneos iphonesimulator";
				SUPPORTS_MACCATALYST = NO;
				SUPPORTS_MAC_DESIGNED_FOR_IPHONE_IPAD = NO;
				SWIFT_EMIT_LOC_STRINGS = YES;
				SWIFT_VERSION = 5.0;
				TARGETED_DEVICE_FAMILY = 1;
			};
			name = Release;
		};
/* End XCBuildConfiguration section */

/* Begin XCConfigurationList section */
		CBCB7B1729BA53DB00E5F34D /* Build configuration list for PBXProject "SignUp" */ = {
			isa = XCConfigurationList;
			buildConfigurations = (
				CBCB7B2E29BA53DB00E5F34D /* Debug */,
				CBCB7B2F29BA53DB00E5F34D /* Release */,
			);
			defaultConfigurationIsVisible = 0;
			defaultConfigurationName = Release;
		};
		CBCB7B3029BA53DB00E5F34D /* Build configuration list for PBXNativeTarget "SignUp" */ = {
			isa = XCConfigurationList;
			buildConfigurations = (
				CBCB7B3129BA53DB00E5F34D /* Debug */,
				CBCB7B3229BA53DB00E5F34D /* Release */,
			);
			defaultConfigurationIsVisible = 0;
			defaultConfigurationName = Release;
		};
/* End XCConfigurationList section */

/* Begin XCRemoteSwiftPackageReference section */
		CBF14D462A0D64300098A4CE /* XCRemoteSwiftPackageReference "realm-swift" */ = {
			isa = XCRemoteSwiftPackageReference;
			repositoryURL = "https://github.com/realm/realm-swift.git";
			requirement = {
				kind = upToNextMajorVersion;
				minimumVersion = 10.39.1;
			};
		};
/* End XCRemoteSwiftPackageReference section */

/* Begin XCSwiftPackageProductDependency section */
		CBF14D472A0D64300098A4CE /* Realm */ = {
			isa = XCSwiftPackageProductDependency;
			package = CBF14D462A0D64300098A4CE /* XCRemoteSwiftPackageReference "realm-swift" */;
			productName = Realm;
		};
		CBF14D492A0D64300098A4CE /* RealmSwift */ = {
			isa = XCSwiftPackageProductDependency;
			package = CBF14D462A0D64300098A4CE /* XCRemoteSwiftPackageReference "realm-swift" */;
			productName = RealmSwift;
		};
/* End XCSwiftPackageProductDependency section */
	};
	rootObject = CBCB7B1429BA53DB00E5F34D /* Project object */;
}
